# This file is autogenerated, do not edit; changes may be undone by the next 'dep ensure'.


[[projects]]
  digest = "1:7a3de4371d6b68c6f37a0df2c09905664d9de59026c91cbe275aae55f4fe760f"
  name = "go.uber.org/atomic"
  packages = ["."]
  pruneopts = "UT"
  revision = "12f27ba2637fa0e13772a4f05fa46a5d18d53182"
  version = "v1.7.0"

[[projects]]
  digest = "1:e9eeeabfd025a5e69b9c8e2857d3517ea67e747ae913bcb0a9e1e7bafdb9c298"
  name = "go.uber.org/multierr"
  packages = ["."]
  pruneopts = "UT"
  revision = "3114a8b704d2d28dbacda34a872690aaef66aeed"
  version = "v1.6.0"

[[projects]]
  digest = "1:052a04ff010ec05c33f12909ec2a90492c9d5582d68f87d3275595d0d1bd0d3b"
  name = "go.uber.org/zap"
  packages = [
    ".",
    "buffer",
    "internal/bufferpool",
    "internal/color",
    "internal/exit",
    "zapcore",
  ]
  pruneopts = "UT"
  revision = "404189cf44aea95b0cd9bddcb0242dd4cf88c510"
  version = "v1.16.0"

[[projects]]
  digest = "1:b213bc652d0eb47d4ae361fb932abdb8aba7113a33ce9a2caf303ad927576e8f"
  name = "gonum.org/v1/gonum"
  packages = [
    "blas",
    "blas/blas64",
    "blas/cblas128",
    "blas/gonum",
    "floats",
    "floats/scalar",
    "internal/asm/c128",
    "internal/asm/c64",
    "internal/asm/f32",
    "internal/asm/f64",
    "internal/cmplx64",
    "internal/math32",
    "lapack",
    "lapack/gonum",
    "lapack/lapack64",
    "mat",
    "stat",
  ]
  pruneopts = "UT"
  revision = "0af6188907d481c1ef7096994e89b1cc4b223b91"
  version = "v0.8.1"

[solve-meta]
  analyzer-name = "dep"
  analyzer-version = 1
  input-imports = [
    "go.uber.org/zap",
    "go.uber.org/zap/zapcore",
    "gonum.org/v1/gonum/stat",
  ]
  solver-name = "gps-cdcl"
  solver-version = 1
